
Microsoft Visual Studio Solution File, Format Version 12.00
# Visual Studio Version 17
VisualStudioVersion = 17.14.37614.0 d17.14
MinimumVisualStudioVersion = 10.0.40219.1
Project("{FAE04EC0-301F-11D3-BF4B-00C04F79EFBC}") = "MyAppMVC", "MyAppMVC\MyAppMVC.csproj", "{FF7AA79B-4B13-4853-B756-31B7086C13EB}"
EndProject
Global
	GlobalSection(SolutionConfigurationPlatforms) = preSolution
		Debug|Any CPU = Debug|Any CPU
		Release|Any CPU = Release|Any CPU
	EndGlobalSection
	GlobalSection(ProjectConfigurationPlatforms) = postSolution
		{FF7AA79B-4B13-4853-B756-31B7086C13EB}.Debug|Any CPU.ActiveCfg = Debug|Any CPU
		{FF7AA79B-4B13-4853-B756-31B7086C13EB}.Debug|Any CPU.Build.0 = Debug|Any CPU
		{FF7AA79B-4B13-4853-B756-31B7086C13EB}.Release|Any CPU.ActiveCfg = Release|Any CPU
		{FF7AA79B-4B13-4853-B756-31B7086C13EB}.Release|Any CPU.Build.0 = Release|Any CPU
	EndGlobalSection
	GlobalSection(SolutionProperties) = preSolution
		HideSolutionNode = FALSE
	EndGlobalSection
	GlobalSection(ExtensibilityGlobals) = postSolution
		SolutionGuid = {C1549745-4A15-41A1-80FE-9D2DB8782769}
	EndGlobalSection
EndGlobal
