
Microsoft Visual Studio Solution File, Format Version 12.00
# Visual Studio Version 17
VisualStudioVersion = 17.14.37614.0 d17.14
MinimumVisualStudioVersion = 10.0.40219.1
Project("{FAE04EC0-301F-11D3-BF4B-00C04F79EFBC}") = "MyApp", "MyApp\MyApp.csproj", "{21E24A7F-EDF2-4758-90EC-2DF518D92393}"
EndProject
Global
	GlobalSection(SolutionConfigurationPlatforms) = preSolution
		Debug|Any CPU = Debug|Any CPU
		Release|Any CPU = Release|Any CPU
	EndGlobalSection
	GlobalSection(ProjectConfigurationPlatforms) = postSolution
		{21E24A7F-EDF2-4758-90EC-2DF518D92393}.Debug|Any CPU.ActiveCfg = Debug|Any CPU
		{21E24A7F-EDF2-4758-90EC-2DF518D92393}.Debug|Any CPU.Build.0 = Debug|Any CPU
		{21E24A7F-EDF2-4758-90EC-2DF518D92393}.Release|Any CPU.ActiveCfg = Release|Any CPU
		{21E24A7F-EDF2-4758-90EC-2DF518D92393}.Release|Any CPU.Build.0 = Release|Any CPU
	EndGlobalSection
	GlobalSection(SolutionProperties) = preSolution
		HideSolutionNode = FALSE
	EndGlobalSection
	GlobalSection(ExtensibilityGlobals) = postSolution
		SolutionGuid = {2BE28435-047C-440C-A2AB-A150DAD03D34}
	EndGlobalSection
EndGlobal
